// !$*UTF8*$!
{
	archiveVersion = 1;
	classes = {
	};
	objectVersion = 46;
	objects = {

/* Begin PBXBuildFile section */
		7642E5511CC34FE0001DAC16 /* AppDelegate.swift in Sources */ = {isa = PBXBuildFile; fileRef = 7642E5501CC34FE0001DAC16 /* AppDelegate.swift */; };
		7642E5531CC34FE0001DAC16 /* PhotoViewController.swift in Sources */ = {isa = PBXBuildFile; fileRef = 7642E5521CC34FE0001DAC16 /* PhotoViewController.swift */; };
		7642E5561CC34FE0001DAC16 /* Main.storyboard in Resources */ = {isa = PBXBuildFile; fileRef = 7642E5541CC34FE0001DAC16 /* Main.storyboard */; };
		7642E5581CC34FE0001DAC16 /* Assets.xcassets in Resources */ = {isa = PBXBuildFile; fileRef = 7642E5571CC34FE0001DAC16 /* Assets.xcassets */; };
		7642E55B1CC34FE0001DAC16 /* LaunchScreen.storyboard in Resources */ = {isa = PBXBuildFile; fileRef = 7642E5591CC34FE0001DAC16 /* LaunchScreen.storyboard */; };
/* End PBXBuildFile section */

/* Begin PBXFileReference section */
		7642E54D1CC34FE0001DAC16 /* PhotoFrameworkSwift.app */ = {isa = PBXFileReference; explicitFileType = wrapper.application; includeInIndex = 0; path = PhotoFrameworkSwift.app; sourceTree = BUILT_PRODUCTS_DIR; };
		7642E5501CC34FE0001DAC16 /* AppDelegate.swift */ = {isa = PBXFileReference; lastKnownFileType = sourcecode.swift; path = AppDelegate.swift; sourceTree = "<group>"; };
		7642E5521CC34FE0001DAC16 /* PhotoViewController.swift */ = {isa = PBXFileReference; lastKnownFileType = sourcecode.swift; path = PhotoViewController.swift; sourceTree = "<group>"; };
		7642E5551CC34FE0001DAC16 /* Base */ = {isa = PBXFileReference; lastKnownFileType = file.storyboard; name = Base; path = Base.lproj/Main.storyboard; sourceTree = "<group>"; };
		7642E5571CC34FE0001DAC16 /* Assets.xcassets */ = {isa = PBXFileReference; lastKnownFileType = folder.assetcatalog; path = Assets.xcassets; sourceTree = "<group>"; };
		7642E55A1CC34FE0001DAC16 /* Base */ = {isa = PBXFileReference; lastKnownFileType = file.storyboard; name = Base; path = Base.lproj/LaunchScreen.storyboard; sourceTree = "<group>"; };
		7642E55C1CC34FE0001DAC16 /* Info.plist */ = {isa = PBXFileReference; lastKnownFileType = text.plist.xml; path = Info.plist; sourceTree = "<group>"; };
/* End PBXFileReference section */

/* Begin PBXFrameworksBuildPhase section */
		7642E54A1CC34FE0001DAC16 /* Frameworks */ = {
			isa = PBXFrameworksBuildPhase;
			buildActionMask = 2147483647;
			files = (
			);
			runOnlyForDeploymentPostprocessing = 0;
		};
/* End PBXFrameworksBuildPhase section */

/* Begin PBXGroup section */
		7642E5441CC34FE0001DAC16 = {
			isa = PBXGroup;
			children = (
				7642E54F1CC34FE0001DAC16 /* PhotoFrameworkSwift */,
				7642E54E1CC34FE0001DAC16 /* Products */,
			);
			sourceTree = "<group>";
		};
		7642E54E1CC34FE0001DAC16 /* Products */ = {
			isa = PBXGroup;
			children = (
				7642E54D1CC34FE0001DAC16 /* PhotoFrameworkSwift.app */,
			);
			name = Products;
			sourceTree = "<group>";
		};
		7642E54F1CC34FE0001DAC16 /* PhotoFrameworkSwift */ = {
			isa = PBXGroup;
			children = (
				7642E5501CC34FE0001DAC16 /* AppDelegate.swift */,
				7642E5521CC34FE0001DAC16 /* PhotoViewController.swift */,
				7642E5541CC34FE0001DAC16 /* Main.storyboard */,
				7642E5571CC34FE0001DAC16 /* Assets.xcassets */,
				7642E5591CC34FE0001DAC16 /* LaunchScreen.storyboard */,
				7642E55C1CC34FE0001DAC16 /* Info.plist */,
			);
			path = PhotoFrameworkSwift;
			sourceTree = "<group>";
		};
/* End PBXGroup section */

/* Begin PBXNativeTarget section */
		7642E54C1CC34FE0001DAC16 /* PhotoFrameworkSwift */ = {
			isa = PBXNativeTarget;
			buildConfigurationList = 7642E55F1CC34FE0001DAC16 /* Build configuration list for PBXNativeTarget "PhotoFrameworkSwift" */;
			buildPhases = (
				7642E5491CC34FE0001DAC16 /* Sources */,
				7642E54A1CC34FE0001DAC16 /* Frameworks */,
				7642E54B1CC34FE0001DAC16 /* Resources */,
			);
			buildRules = (
			);
			dependencies = (
			);
			name = PhotoFrameworkSwift;
			productName = PhotoFrameworkSwift;
			productReference = 7642E54D1CC34FE0001DAC16 /* PhotoFrameworkSwift.app */;
			productType = "com.apple.product-type.application";
		};
/* End PBXNativeTarget section */

/* Begin PBXProject section */
		7642E5451CC34FE0001DAC16 /* Project object */ = {
			isa = PBXProject;
			attributes = {
				LastSwiftUpdateCheck = 0720;
				LastUpgradeCheck = 0720;
				ORGANIZATIONNAME = MacSong;
				TargetAttributes = {
					7642E54C1CC34FE0001DAC16 = {
						CreatedOnToolsVersion = 7.2.1;
						DevelopmentTeam = 93Y9X9D7G6;
						ProvisioningStyle = Manual;
					};
				};
			};
			buildConfigurationList = 7642E5481CC34FE0001DAC16 /* Build configuration list for PBXProject "PhotoFrameworkSwift" */;
			compatibilityVersion = "Xcode 3.2";
			developmentRegion = English;
			hasScannedForEncodings = 0;
			knownRegions = (
				en,
				Base,
			);
			mainGroup = 7642E5441CC34FE0001DAC16;
			productRefGroup = 7642E54E1CC34FE0001DAC16 /* Products */;
			projectDirPath = "";
			projectRoot = "";
			targets = (
				7642E54C1CC34FE0001DAC16 /* PhotoFrameworkSwift */,
			);
		};
/* End PBXProject section */

/* Begin PBXResourcesBuildPhase section */
		7642E54B1CC34FE0001DAC16 /* Resources */ = {
			isa = PBXResourcesBuildPhase;
			buildActionMask = 2147483647;
			files = (
				7642E55B1CC34FE0001DAC16 /* LaunchScreen.storyboard in Resources */,
				7642E5581CC34FE0001DAC16 /* Assets.xcassets in Resources */,
				7642E5561CC34FE0001DAC16 /* Main.storyboard in Resources */,
			);
			runOnlyForDeploymentPostprocessing = 0;
		};
/* End PBXResourcesBuildPhase section */

/* Begin PBXSourcesBuildPhase section */
		7642E5491CC34FE0001DAC16 /* Sources */ = {
			isa = PBXSourcesBuildPhase;
			buildActionMask = 2147483647;
			files = (
				7642E5531CC34FE0001DAC16 /* PhotoViewController.swift in Sources */,
				7642E5511CC34FE0001DAC16 /* AppDelegate.swift in Sources */,
			);
			runOnlyForDeploymentPostprocessing = 0;
		};
/* End PBXSourcesBuildPhase section */

/* Begin PBXVariantGroup section */
		7642E5541CC34FE0001DAC16 /* Main.storyboard */ = {
			isa = PBXVariantGroup;
			children = (
				7642E5551CC34FE0001DAC16 /* Base */,
			);
			name = Main.storyboard;
			sourceTree = "<group>";
		};
		7642E5591CC34FE0001DAC16 /* LaunchScreen.storyboard */ = {
			isa = PBXVariantGroup;
			children = (
				7642E55A1CC34FE0001DAC16 /* Base */,
			);
			name = LaunchScreen.storyboard;
			sourceTree = "<group>";
		};
/* End PBXVariantGroup section */

/* Begin XCBuildConfiguration section */
		7642E55D1CC34FE0001DAC16 /* Debug */ = {
			isa = XCBuildConfiguration;
			buildSettings = {
				ALWAYS_SEARCH_USER_PATHS = NO;
				CLANG_CXX_LANGUAGE_STANDARD = "gnu++0x";
				CLANG_CXX_LIBRARY = "libc++";
				CLANG_ENABLE_MODULES = YES;
				CLANG_ENABLE_OBJC_ARC = YES;
				CLANG_WARN_BOOL_CONVERSION = YES;
				CLANG_WARN_CONSTANT_CONVERSION = YES;
				CLANG_WARN_DIRECT_OBJC_ISA_USAGE = YES_ERROR;
				CLANG_WARN_EMPTY_BODY = YES;
				CLANG_WARN_ENUM_CONVERSION = YES;
				CLANG_WARN_INT_CONVERSION = YES;
				CLANG_WARN_OBJC_ROOT_CLASS = YES_ERROR;
				CLANG_WARN_UNREACHABLE_CODE = YES;
				CLANG_WARN__DUPLICATE_METHOD_MATCH = YES;
				"CODE_SIGN_IDENTITY[sdk=iphoneos*]" = "iPhone Developer";
				COPY_PHASE_STRIP = NO;
				DEBUG_INFORMATION_FORMAT = dwarf;
				ENABLE_STRICT_OBJC_MSGSEND = YES;
				ENABLE_TESTABILITY = YES;
				GCC_C_LANGUAGE_STANDARD = gnu99;
				GCC_DYNAMIC_NO_PIC = NO;
				GCC_NO_COMMON_BLOCKS = YES;
				GCC_OPTIMIZATION_LEVEL = 0;
				GCC_PREPROCESSOR_DEFINITIONS = (
					"DEBUG=1",
					"$(inherited)",
				);
				GCC_WARN_64_TO_32_BIT_CONVERSION = YES;
				GCC_WARN_ABOUT_RETURN_TYPE = YES_ERROR;
				GCC_WARN_UNDECLARED_SELECTOR = YES;
				GCC_WARN_UNINITIALIZED_AUTOS = YES_AGGRESSIVE;
				GCC_WARN_UNUSED_FUNCTION = YES;
				GCC_WARN_UNUSED_VARIABLE = YES;
				IPHONEOS_DEPLOYMENT_TARGET = 9.2;
				MTL_ENABLE_DEBUG_INFO = YES;
				ONLY_ACTIVE_ARCH = YES;
				SDKROOT = iphoneos;
				SWIFT_OPTIMIZATION_LEVEL = "-Onone";
			};
			name = Debug;
		};
		7642E55E1CC34FE0001DAC16 /* Release */ = {
			isa = XCBuildConfiguration;
			buildSettings = {
				ALWAYS_SEARCH_USER_PATHS = NO;
				CLANG_CXX_LANGUAGE_STANDARD = "gnu++0x";
				CLANG_CXX_LIBRARY = "libc++";
				CLANG_ENABLE_MODULES = YES;
				CLANG_ENABLE_OBJC_ARC = YES;
				CLANG_WARN_BOOL_CONVERSION = YES;
				CLANG_WARN_CONSTANT_CONVERSION = YES;
				CLANG_WARN_DIRECT_OBJC_ISA_USAGE = YES_ERROR;
				CLANG_WARN_EMPTY_BODY = YES;
				CLANG_WARN_ENUM_CONVERSION = YES;
				CLANG_WARN_INT_CONVERSION = YES;
				CLANG_WARN_OBJC_ROOT_CLASS = YES_ERROR;
				CLANG_WARN_UNREACHABLE_CODE = YES;
				CLANG_WARN__DUPLICATE_METHOD_MATCH = YES;
				"CODE_SIGN_IDENTITY[sdk=iphoneos*]" = "iPhone Developer";
				COPY_PHASE_STRIP = NO;
				DEBUG_INFORMATION_FORMAT = "dwarf-with-dsym";
				ENABLE_NS_ASSERTIONS = NO;
				ENABLE_STRICT_OBJC_MSGSEND = YES;
				GCC_C_LANGUAGE_STANDARD = gnu99;
				GCC_NO_COMMON_BLOCKS = YES;
				GCC_WARN_64_TO_32_BIT_CONVERSION = YES;
				GCC_WARN_ABOUT_RETURN_TYPE = YES_ERROR;
				GCC_WARN_UNDECLARED_SELECTOR = YES;
				GCC_WARN_UNINITIALIZED_AUTOS = YES_AGGRESSIVE;
				GCC_WARN_UNUSED_FUNCTION = YES;
				GCC_WARN_UNUSED_VARIABLE = YES;
				IPHONEOS_DEPLOYMENT_TARGET = 9.2;
				MTL_ENABLE_DEBUG_INFO = NO;
				SDKROOT = iphoneos;
				VALIDATE_PRODUCT = YES;
			};
			name = Release;
		};
		7642E5601CC34FE0001DAC16 /* Debug */ = {
			isa = XCBuildConfiguration;
			buildSettings = {
				ASSETCATALOG_COMPILER_APPICON_NAME = AppIcon;
				CODE_SIGN_STYLE = Manual;
				DEVELOPMENT_TEAM = 93Y9X9D7G6;
				INFOPLIST_FILE = PhotoFrameworkSwift/Info.plist;
				LD_RUNPATH_SEARCH_PATHS = "$(inherited) @executable_path/Frameworks";
				PRODUCT_BUNDLE_IDENTIFIER = com.deshengtongfeng.sample;
				PRODUCT_NAME = "$(TARGET_NAME)";
				PROVISIONING_PROFILE = "410e3142-1317-4d22-ab14-75621f5f31c6";
				PROVISIONING_PROFILE_SPECIFIER = "sample-dev";
				TARGETED_DEVICE_FAMILY = 1;
			};
			name = Debug;
		};
		7642E5611CC34FE0001DAC16 /* Release */ = {
			isa = XCBuildConfiguration;
			buildSettings = {
				ASSETCATALOG_COMPILER_APPICON_NAME = AppIcon;
				CODE_SIGN_STYLE = Manual;
				DEVELOPMENT_TEAM = "";
				INFOPLIST_FILE = PhotoFrameworkSwift/Info.plist;
				LD_RUNPATH_SEARCH_PATHS = "$(inherited) @executable_path/Frameworks";
				PRODUCT_BUNDLE_IDENTIFIER = com.deshengtongfeng.sample;
				PRODUCT_NAME = "$(TARGET_NAME)";
				PROVISIONING_PROFILE_SPECIFIER = "";
				TARGETED_DEVICE_FAMILY = 1;
			};
			name = Release;
		};
/* End XCBuildConfiguration section */

/* Begin XCConfigurationList section */
		7642E5481CC34FE0001DAC16 /* Build configuration list for PBXProject "PhotoFrameworkSwift" */ = {
			isa = XCConfigurationList;
			buildConfigurations = (
				7642E55D1CC34FE0001DAC16 /* Debug */,
				7642E55E1CC34FE0001DAC16 /* Release */,
			);
			defaultConfigurationIsVisible = 0;
			defaultConfigurationName = Release;
		};
		7642E55F1CC34FE0001DAC16 /* Build configuration list for PBXNativeTarget "PhotoFrameworkSwift" */ = {
			isa = XCConfigurationList;
			buildConfigurations = (
				7642E5601CC34FE0001DAC16 /* Debug */,
				7642E5611CC34FE0001DAC16 /* Release */,
			);
			defaultConfigurationIsVisible = 0;
			defaultConfigurationName = Release;
		};
/* End XCConfigurationList section */
	};
	rootObject = 7642E5451CC34FE0001DAC16 /* Project object */;
}
