// !$*UTF8*$!
{
	archiveVersion = 1;
	classes = {
	};
	objectVersion = 46;
	objects = {

/* Begin PBXBuildFile section */
		1D355EFD1CB4A25E0065C264 /* AppDelegate.swift in Sources */ = {isa = PBXBuildFile; fileRef = 1D355EFC1CB4A25E0065C264 /* AppDelegate.swift */; };
		1D355F021CB4A25E0065C264 /* Main.storyboard in Resources */ = {isa = PBXBuildFile; fileRef = 1D355F001CB4A25E0065C264 /* Main.storyboard */; };
		1D355F041CB4A25E0065C264 /* Assets.xcassets in Resources */ = {isa = PBXBuildFile; fileRef = 1D355F031CB4A25E0065C264 /* Assets.xcassets */; };
		1D355F071CB4A25E0065C264 /* LaunchScreen.storyboard in Resources */ = {isa = PBXBuildFile; fileRef = 1D355F051CB4A25E0065C264 /* LaunchScreen.storyboard */; };
		1D355F0F1CB4A4260065C264 /* PhotosTableViewController.swift in Sources */ = {isa = PBXBuildFile; fileRef = 1D355F0E1CB4A4260065C264 /* PhotosTableViewController.swift */; };
		1D355F361CB4F5270065C264 /* AssetCollectionViewController.swift in Sources */ = {isa = PBXBuildFile; fileRef = 1D355F351CB4F5270065C264 /* AssetCollectionViewController.swift */; };
		762E7BBB1CB6854000D13465 /* WeakSelfViewController.swift in Sources */ = {isa = PBXBuildFile; fileRef = 762E7BBA1CB6854000D13465 /* WeakSelfViewController.swift */; };
		762E7BBD1CB6871A00D13465 /* DelayRunViewController.swift in Sources */ = {isa = PBXBuildFile; fileRef = 762E7BBC1CB6871A00D13465 /* DelayRunViewController.swift */; };
/* End PBXBuildFile section */

/* Begin PBXFileReference section */
		1D355EF91CB4A25D0065C264 /* SamplePhotoSwift.app */ = {isa = PBXFileReference; explicitFileType = wrapper.application; includeInIndex = 0; path = SamplePhotoSwift.app; sourceTree = BUILT_PRODUCTS_DIR; };
		1D355EFC1CB4A25E0065C264 /* AppDelegate.swift */ = {isa = PBXFileReference; lastKnownFileType = sourcecode.swift; path = AppDelegate.swift; sourceTree = "<group>"; };
		1D355F011CB4A25E0065C264 /* Base */ = {isa = PBXFileReference; lastKnownFileType = file.storyboard; name = Base; path = Base.lproj/Main.storyboard; sourceTree = "<group>"; };
		1D355F031CB4A25E0065C264 /* Assets.xcassets */ = {isa = PBXFileReference; lastKnownFileType = folder.assetcatalog; path = Assets.xcassets; sourceTree = "<group>"; };
		1D355F061CB4A25E0065C264 /* Base */ = {isa = PBXFileReference; lastKnownFileType = file.storyboard; name = Base; path = Base.lproj/LaunchScreen.storyboard; sourceTree = "<group>"; };
		1D355F081CB4A25E0065C264 /* Info.plist */ = {isa = PBXFileReference; lastKnownFileType = text.plist.xml; path = Info.plist; sourceTree = "<group>"; };
		1D355F0E1CB4A4260065C264 /* PhotosTableViewController.swift */ = {isa = PBXFileReference; fileEncoding = 4; lastKnownFileType = sourcecode.swift; path = PhotosTableViewController.swift; sourceTree = "<group>"; };
		1D355F351CB4F5270065C264 /* AssetCollectionViewController.swift */ = {isa = PBXFileReference; fileEncoding = 4; lastKnownFileType = sourcecode.swift; path = AssetCollectionViewController.swift; sourceTree = "<group>"; };
		762E7BBA1CB6854000D13465 /* WeakSelfViewController.swift */ = {isa = PBXFileReference; fileEncoding = 4; lastKnownFileType = sourcecode.swift; path = WeakSelfViewController.swift; sourceTree = "<group>"; };
		762E7BBC1CB6871A00D13465 /* DelayRunViewController.swift */ = {isa = PBXFileReference; fileEncoding = 4; lastKnownFileType = sourcecode.swift; path = DelayRunViewController.swift; sourceTree = "<group>"; };
/* End PBXFileReference section */

/* Begin PBXFrameworksBuildPhase section */
		1D355EF61CB4A25D0065C264 /* Frameworks */ = {
			isa = PBXFrameworksBuildPhase;
			buildActionMask = 2147483647;
			files = (
			);
			runOnlyForDeploymentPostprocessing = 0;
		};
/* End PBXFrameworksBuildPhase section */

/* Begin PBXGroup section */
		1D355EF01CB4A25D0065C264 = {
			isa = PBXGroup;
			children = (
				1D355EFB1CB4A25E0065C264 /* SamplePhotoSwift */,
				1D355EFA1CB4A25D0065C264 /* Products */,
			);
			sourceTree = "<group>";
		};
		1D355EFA1CB4A25D0065C264 /* Products */ = {
			isa = PBXGroup;
			children = (
				1D355EF91CB4A25D0065C264 /* SamplePhotoSwift.app */,
			);
			name = Products;
			sourceTree = "<group>";
		};
		1D355EFB1CB4A25E0065C264 /* SamplePhotoSwift */ = {
			isa = PBXGroup;
			children = (
				1D355EFC1CB4A25E0065C264 /* AppDelegate.swift */,
				1D355F0E1CB4A4260065C264 /* PhotosTableViewController.swift */,
				1D355F351CB4F5270065C264 /* AssetCollectionViewController.swift */,
				762E7BBA1CB6854000D13465 /* WeakSelfViewController.swift */,
				762E7BBC1CB6871A00D13465 /* DelayRunViewController.swift */,
				1D355F001CB4A25E0065C264 /* Main.storyboard */,
				1D355F031CB4A25E0065C264 /* Assets.xcassets */,
				1D355F051CB4A25E0065C264 /* LaunchScreen.storyboard */,
				1D355F081CB4A25E0065C264 /* Info.plist */,
			);
			path = SamplePhotoSwift;
			sourceTree = "<group>";
		};
/* End PBXGroup section */

/* Begin PBXNativeTarget section */
		1D355EF81CB4A25D0065C264 /* SamplePhotoSwift */ = {
			isa = PBXNativeTarget;
			buildConfigurationList = 1D355F0B1CB4A25E0065C264 /* Build configuration list for PBXNativeTarget "SamplePhotoSwift" */;
			buildPhases = (
				1D355EF51CB4A25D0065C264 /* Sources */,
				1D355EF61CB4A25D0065C264 /* Frameworks */,
				1D355EF71CB4A25D0065C264 /* Resources */,
			);
			buildRules = (
			);
			dependencies = (
			);
			name = SamplePhotoSwift;
			productName = SamplePhotoSwift;
			productReference = 1D355EF91CB4A25D0065C264 /* SamplePhotoSwift.app */;
			productType = "com.apple.product-type.application";
		};
/* End PBXNativeTarget section */

/* Begin PBXProject section */
		1D355EF11CB4A25D0065C264 /* Project object */ = {
			isa = PBXProject;
			attributes = {
				LastSwiftUpdateCheck = 0730;
				LastUpgradeCheck = 0730;
				ORGANIZATIONNAME = huanfeng001;
				TargetAttributes = {
					1D355EF81CB4A25D0065C264 = {
						CreatedOnToolsVersion = 7.3;
					};
				};
			};
			buildConfigurationList = 1D355EF41CB4A25D0065C264 /* Build configuration list for PBXProject "SamplePhotoSwift" */;
			compatibilityVersion = "Xcode 3.2";
			developmentRegion = English;
			hasScannedForEncodings = 0;
			knownRegions = (
				en,
				Base,
			);
			mainGroup = 1D355EF01CB4A25D0065C264;
			productRefGroup = 1D355EFA1CB4A25D0065C264 /* Products */;
			projectDirPath = "";
			projectRoot = "";
			targets = (
				1D355EF81CB4A25D0065C264 /* SamplePhotoSwift */,
			);
		};
/* End PBXProject section */

/* Begin PBXResourcesBuildPhase section */
		1D355EF71CB4A25D0065C264 /* Resources */ = {
			isa = PBXResourcesBuildPhase;
			buildActionMask = 2147483647;
			files = (
				1D355F071CB4A25E0065C264 /* LaunchScreen.storyboard in Resources */,
				1D355F041CB4A25E0065C264 /* Assets.xcassets in Resources */,
				1D355F021CB4A25E0065C264 /* Main.storyboard in Resources */,
			);
			runOnlyForDeploymentPostprocessing = 0;
		};
/* End PBXResourcesBuildPhase section */

/* Begin PBXSourcesBuildPhase section */
		1D355EF51CB4A25D0065C264 /* Sources */ = {
			isa = PBXSourcesBuildPhase;
			buildActionMask = 2147483647;
			files = (
				762E7BBB1CB6854000D13465 /* WeakSelfViewController.swift in Sources */,
				762E7BBD1CB6871A00D13465 /* DelayRunViewController.swift in Sources */,
				1D355EFD1CB4A25E0065C264 /* AppDelegate.swift in Sources */,
				1D355F0F1CB4A4260065C264 /* PhotosTableViewController.swift in Sources */,
				1D355F361CB4F5270065C264 /* AssetCollectionViewController.swift in Sources */,
			);
			runOnlyForDeploymentPostprocessing = 0;
		};
/* End PBXSourcesBuildPhase section */

/* Begin PBXVariantGroup section */
		1D355F001CB4A25E0065C264 /* Main.storyboard */ = {
			isa = PBXVariantGroup;
			children = (
				1D355F011CB4A25E0065C264 /* Base */,
			);
			name = Main.storyboard;
			sourceTree = "<group>";
		};
		1D355F051CB4A25E0065C264 /* LaunchScreen.storyboard */ = {
			isa = PBXVariantGroup;
			children = (
				1D355F061CB4A25E0065C264 /* Base */,
			);
			name = LaunchScreen.storyboard;
			sourceTree = "<group>";
		};
/* End PBXVariantGroup section */

/* Begin XCBuildConfiguration section */
		1D355F091CB4A25E0065C264 /* Debug */ = {
			isa = XCBuildConfiguration;
			buildSettings = {
				ALWAYS_SEARCH_USER_PATHS = NO;
				CLANG_ANALYZER_NONNULL = YES;
				CLANG_CXX_LANGUAGE_STANDARD = "gnu++0x";
				CLANG_CXX_LIBRARY = "libc++";
				CLANG_ENABLE_MODULES = YES;
				CLANG_ENABLE_OBJC_ARC = YES;
				CLANG_WARN_BOOL_CONVERSION = YES;
				CLANG_WARN_CONSTANT_CONVERSION = YES;
				CLANG_WARN_DIRECT_OBJC_ISA_USAGE = YES_ERROR;
				CLANG_WARN_EMPTY_BODY = YES;
				CLANG_WARN_ENUM_CONVERSION = YES;
				CLANG_WARN_INT_CONVERSION = YES;
				CLANG_WARN_OBJC_ROOT_CLASS = YES_ERROR;
				CLANG_WARN_UNREACHABLE_CODE = YES;
				CLANG_WARN__DUPLICATE_METHOD_MATCH = YES;
				"CODE_SIGN_IDENTITY[sdk=iphoneos*]" = "iPhone Developer";
				COPY_PHASE_STRIP = NO;
				DEBUG_INFORMATION_FORMAT = dwarf;
				ENABLE_STRICT_OBJC_MSGSEND = YES;
				ENABLE_TESTABILITY = YES;
				GCC_C_LANGUAGE_STANDARD = gnu99;
				GCC_DYNAMIC_NO_PIC = NO;
				GCC_NO_COMMON_BLOCKS = YES;
				GCC_OPTIMIZATION_LEVEL = 0;
				GCC_PREPROCESSOR_DEFINITIONS = (
					"DEBUG=1",
					"$(inherited)",
				);
				GCC_WARN_64_TO_32_BIT_CONVERSION = YES;
				GCC_WARN_ABOUT_RETURN_TYPE = YES_ERROR;
				GCC_WARN_UNDECLARED_SELECTOR = YES;
				GCC_WARN_UNINITIALIZED_AUTOS = YES_AGGRESSIVE;
				GCC_WARN_UNUSED_FUNCTION = YES;
				GCC_WARN_UNUSED_VARIABLE = YES;
				IPHONEOS_DEPLOYMENT_TARGET = 9.3;
				MTL_ENABLE_DEBUG_INFO = YES;
				ONLY_ACTIVE_ARCH = YES;
				SDKROOT = iphoneos;
				SWIFT_OPTIMIZATION_LEVEL = "-Onone";
			};
			name = Debug;
		};
		1D355F0A1CB4A25E0065C264 /* Release */ = {
			isa = XCBuildConfiguration;
			buildSettings = {
				ALWAYS_SEARCH_USER_PATHS = NO;
				CLANG_ANALYZER_NONNULL = YES;
				CLANG_CXX_LANGUAGE_STANDARD = "gnu++0x";
				CLANG_CXX_LIBRARY = "libc++";
				CLANG_ENABLE_MODULES = YES;
				CLANG_ENABLE_OBJC_ARC = YES;
				CLANG_WARN_BOOL_CONVERSION = YES;
				CLANG_WARN_CONSTANT_CONVERSION = YES;
				CLANG_WARN_DIRECT_OBJC_ISA_USAGE = YES_ERROR;
				CLANG_WARN_EMPTY_BODY = YES;
				CLANG_WARN_ENUM_CONVERSION = YES;
				CLANG_WARN_INT_CONVERSION = YES;
				CLANG_WARN_OBJC_ROOT_CLASS = YES_ERROR;
				CLANG_WARN_UNREACHABLE_CODE = YES;
				CLANG_WARN__DUPLICATE_METHOD_MATCH = YES;
				"CODE_SIGN_IDENTITY[sdk=iphoneos*]" = "iPhone Developer";
				COPY_PHASE_STRIP = NO;
				DEBUG_INFORMATION_FORMAT = "dwarf-with-dsym";
				ENABLE_NS_ASSERTIONS = NO;
				ENABLE_STRICT_OBJC_MSGSEND = YES;
				GCC_C_LANGUAGE_STANDARD = gnu99;
				GCC_NO_COMMON_BLOCKS = YES;
				GCC_WARN_64_TO_32_BIT_CONVERSION = YES;
				GCC_WARN_ABOUT_RETURN_TYPE = YES_ERROR;
				GCC_WARN_UNDECLARED_SELECTOR = YES;
				GCC_WARN_UNINITIALIZED_AUTOS = YES_AGGRESSIVE;
				GCC_WARN_UNUSED_FUNCTION = YES;
				GCC_WARN_UNUSED_VARIABLE = YES;
				IPHONEOS_DEPLOYMENT_TARGET = 9.3;
				MTL_ENABLE_DEBUG_INFO = NO;
				SDKROOT = iphoneos;
				VALIDATE_PRODUCT = YES;
			};
			name = Release;
		};
		1D355F0C1CB4A25E0065C264 /* Debug */ = {
			isa = XCBuildConfiguration;
			buildSettings = {
				ASSETCATALOG_COMPILER_APPICON_NAME = AppIcon;
				INFOPLIST_FILE = SamplePhotoSwift/Info.plist;
				IPHONEOS_DEPLOYMENT_TARGET = 9.2;
				LD_RUNPATH_SEARCH_PATHS = "$(inherited) @executable_path/Frameworks";
				PRODUCT_BUNDLE_IDENTIFIER = com.huanfeng.SamplePhotoSwift;
				PRODUCT_NAME = "$(TARGET_NAME)";
			};
			name = Debug;
		};
		1D355F0D1CB4A25E0065C264 /* Release */ = {
			isa = XCBuildConfiguration;
			buildSettings = {
				ASSETCATALOG_COMPILER_APPICON_NAME = AppIcon;
				INFOPLIST_FILE = SamplePhotoSwift/Info.plist;
				IPHONEOS_DEPLOYMENT_TARGET = 9.2;
				LD_RUNPATH_SEARCH_PATHS = "$(inherited) @executable_path/Frameworks";
				PRODUCT_BUNDLE_IDENTIFIER = com.huanfeng.SamplePhotoSwift;
				PRODUCT_NAME = "$(TARGET_NAME)";
			};
			name = Release;
		};
/* End XCBuildConfiguration section */

/* Begin XCConfigurationList section */
		1D355EF41CB4A25D0065C264 /* Build configuration list for PBXProject "SamplePhotoSwift" */ = {
			isa = XCConfigurationList;
			buildConfigurations = (
				1D355F091CB4A25E0065C264 /* Debug */,
				1D355F0A1CB4A25E0065C264 /* Release */,
			);
			defaultConfigurationIsVisible = 0;
			defaultConfigurationName = Release;
		};
		1D355F0B1CB4A25E0065C264 /* Build configuration list for PBXNativeTarget "SamplePhotoSwift" */ = {
			isa = XCConfigurationList;
			buildConfigurations = (
				1D355F0C1CB4A25E0065C264 /* Debug */,
				1D355F0D1CB4A25E0065C264 /* Release */,
			);
			defaultConfigurationIsVisible = 0;
			defaultConfigurationName = Release;
		};
/* End XCConfigurationList section */
	};
	rootObject = 1D355EF11CB4A25D0065C264 /* Project object */;
}
