// !$*UTF8*$!
{
	archiveVersion = 1;
	classes = {
	};
	objectVersion = 46;
	objects = {

/* Begin PBXBuildFile section */
		511E66961EADC72D0067A40A /* AppDelegate.swift in Sources */ = {isa = PBXBuildFile; fileRef = 511E66951EADC72D0067A40A /* AppDelegate.swift */; };
		511E669B1EADC72D0067A40A /* Main.storyboard in Resources */ = {isa = PBXBuildFile; fileRef = 511E66991EADC72D0067A40A /* Main.storyboard */; };
		511E669D1EADC72D0067A40A /* Assets.xcassets in Resources */ = {isa = PBXBuildFile; fileRef = 511E669C1EADC72D0067A40A /* Assets.xcassets */; };
		511E66A01EADC72D0067A40A /* LaunchScreen.storyboard in Resources */ = {isa = PBXBuildFile; fileRef = 511E669E1EADC72D0067A40A /* LaunchScreen.storyboard */; };
		511E66A91EADC8B90067A40A /* CustomPresentationFirstViewController.swift in Sources */ = {isa = PBXBuildFile; fileRef = 511E66A81EADC8B90067A40A /* CustomPresentationFirstViewController.swift */; };
		511E66AD1EADCB610067A40A /* CustomPresentationController.swift in Sources */ = {isa = PBXBuildFile; fileRef = 511E66AC1EADCB610067A40A /* CustomPresentationController.swift */; };
		511E66B11EADFBD70067A40A /* CSViewController.swift in Sources */ = {isa = PBXBuildFile; fileRef = 511E66B01EADFBD70067A40A /* CSViewController.swift */; };
		A6A194CD1FE8B92B005B8798 /* ViewController.swift in Sources */ = {isa = PBXBuildFile; fileRef = A6A194CC1FE8B92B005B8798 /* ViewController.swift */; };
/* End PBXBuildFile section */

/* Begin PBXFileReference section */
		511E66921EADC72D0067A40A /* CustomTransitionsSwift.app */ = {isa = PBXFileReference; explicitFileType = wrapper.application; includeInIndex = 0; path = CustomTransitionsSwift.app; sourceTree = BUILT_PRODUCTS_DIR; };
		511E66951EADC72D0067A40A /* AppDelegate.swift */ = {isa = PBXFileReference; lastKnownFileType = sourcecode.swift; path = AppDelegate.swift; sourceTree = "<group>"; };
		511E669A1EADC72D0067A40A /* Base */ = {isa = PBXFileReference; lastKnownFileType = file.storyboard; name = Base; path = Base.lproj/Main.storyboard; sourceTree = "<group>"; };
		511E669C1EADC72D0067A40A /* Assets.xcassets */ = {isa = PBXFileReference; lastKnownFileType = folder.assetcatalog; path = Assets.xcassets; sourceTree = "<group>"; };
		511E669F1EADC72D0067A40A /* Base */ = {isa = PBXFileReference; lastKnownFileType = file.storyboard; name = Base; path = Base.lproj/LaunchScreen.storyboard; sourceTree = "<group>"; };
		511E66A11EADC72D0067A40A /* Info.plist */ = {isa = PBXFileReference; lastKnownFileType = text.plist.xml; path = Info.plist; sourceTree = "<group>"; };
		511E66A81EADC8B90067A40A /* CustomPresentationFirstViewController.swift */ = {isa = PBXFileReference; fileEncoding = 4; lastKnownFileType = sourcecode.swift; path = CustomPresentationFirstViewController.swift; sourceTree = "<group>"; };
		511E66AC1EADCB610067A40A /* CustomPresentationController.swift */ = {isa = PBXFileReference; fileEncoding = 4; lastKnownFileType = sourcecode.swift; path = CustomPresentationController.swift; sourceTree = "<group>"; };
		511E66B01EADFBD70067A40A /* CSViewController.swift */ = {isa = PBXFileReference; fileEncoding = 4; lastKnownFileType = sourcecode.swift; path = CSViewController.swift; sourceTree = "<group>"; };
		A6A194CC1FE8B92B005B8798 /* ViewController.swift */ = {isa = PBXFileReference; lastKnownFileType = sourcecode.swift; path = ViewController.swift; sourceTree = "<group>"; };
/* End PBXFileReference section */

/* Begin PBXFrameworksBuildPhase section */
		511E668F1EADC72D0067A40A /* Frameworks */ = {
			isa = PBXFrameworksBuildPhase;
			buildActionMask = 2147483647;
			files = (
			);
			runOnlyForDeploymentPostprocessing = 0;
		};
/* End PBXFrameworksBuildPhase section */

/* Begin PBXGroup section */
		511E66891EADC72D0067A40A = {
			isa = PBXGroup;
			children = (
				511E66941EADC72D0067A40A /* CustomTransitionsSwift */,
				511E66931EADC72D0067A40A /* Products */,
			);
			sourceTree = "<group>";
		};
		511E66931EADC72D0067A40A /* Products */ = {
			isa = PBXGroup;
			children = (
				511E66921EADC72D0067A40A /* CustomTransitionsSwift.app */,
			);
			name = Products;
			sourceTree = "<group>";
		};
		511E66941EADC72D0067A40A /* CustomTransitionsSwift */ = {
			isa = PBXGroup;
			children = (
				511E66A71EADC88F0067A40A /* Custom Presentation */,
				511E66951EADC72D0067A40A /* AppDelegate.swift */,
				511E66991EADC72D0067A40A /* Main.storyboard */,
				511E669C1EADC72D0067A40A /* Assets.xcassets */,
				511E669E1EADC72D0067A40A /* LaunchScreen.storyboard */,
				511E66A11EADC72D0067A40A /* Info.plist */,
			);
			path = CustomTransitionsSwift;
			sourceTree = "<group>";
		};
		511E66A71EADC88F0067A40A /* Custom Presentation */ = {
			isa = PBXGroup;
			children = (
				511E66A81EADC8B90067A40A /* CustomPresentationFirstViewController.swift */,
				511E66B01EADFBD70067A40A /* CSViewController.swift */,
				511E66AC1EADCB610067A40A /* CustomPresentationController.swift */,
				A6A194CC1FE8B92B005B8798 /* ViewController.swift */,
			);
			name = "Custom Presentation";
			sourceTree = "<group>";
		};
/* End PBXGroup section */

/* Begin PBXNativeTarget section */
		511E66911EADC72D0067A40A /* CustomTransitionsSwift */ = {
			isa = PBXNativeTarget;
			buildConfigurationList = 511E66A41EADC72D0067A40A /* Build configuration list for PBXNativeTarget "CustomTransitionsSwift" */;
			buildPhases = (
				511E668E1EADC72D0067A40A /* Sources */,
				511E668F1EADC72D0067A40A /* Frameworks */,
				511E66901EADC72D0067A40A /* Resources */,
			);
			buildRules = (
			);
			dependencies = (
			);
			name = CustomTransitionsSwift;
			productName = CustomTransitionsSwift;
			productReference = 511E66921EADC72D0067A40A /* CustomTransitionsSwift.app */;
			productType = "com.apple.product-type.application";
		};
/* End PBXNativeTarget section */

/* Begin PBXProject section */
		511E668A1EADC72D0067A40A /* Project object */ = {
			isa = PBXProject;
			attributes = {
				LastSwiftUpdateCheck = 0830;
				LastUpgradeCheck = 0830;
				ORGANIZATIONNAME = soong;
				TargetAttributes = {
					511E66911EADC72D0067A40A = {
						CreatedOnToolsVersion = 8.3.1;
						DevelopmentTeam = 93Y9X9D7G6;
						ProvisioningStyle = Automatic;
						SystemCapabilities = {
							com.apple.Siri = {
								enabled = 0;
							};
						};
					};
				};
			};
			buildConfigurationList = 511E668D1EADC72D0067A40A /* Build configuration list for PBXProject "CustomTransitionsSwift" */;
			compatibilityVersion = "Xcode 3.2";
			developmentRegion = English;
			hasScannedForEncodings = 0;
			knownRegions = (
				en,
				Base,
			);
			mainGroup = 511E66891EADC72D0067A40A;
			productRefGroup = 511E66931EADC72D0067A40A /* Products */;
			projectDirPath = "";
			projectRoot = "";
			targets = (
				511E66911EADC72D0067A40A /* CustomTransitionsSwift */,
			);
		};
/* End PBXProject section */

/* Begin PBXResourcesBuildPhase section */
		511E66901EADC72D0067A40A /* Resources */ = {
			isa = PBXResourcesBuildPhase;
			buildActionMask = 2147483647;
			files = (
				511E66A01EADC72D0067A40A /* LaunchScreen.storyboard in Resources */,
				511E669D1EADC72D0067A40A /* Assets.xcassets in Resources */,
				511E669B1EADC72D0067A40A /* Main.storyboard in Resources */,
			);
			runOnlyForDeploymentPostprocessing = 0;
		};
/* End PBXResourcesBuildPhase section */

/* Begin PBXSourcesBuildPhase section */
		511E668E1EADC72D0067A40A /* Sources */ = {
			isa = PBXSourcesBuildPhase;
			buildActionMask = 2147483647;
			files = (
				A6A194CD1FE8B92B005B8798 /* ViewController.swift in Sources */,
				511E66A91EADC8B90067A40A /* CustomPresentationFirstViewController.swift in Sources */,
				511E66AD1EADCB610067A40A /* CustomPresentationController.swift in Sources */,
				511E66B11EADFBD70067A40A /* CSViewController.swift in Sources */,
				511E66961EADC72D0067A40A /* AppDelegate.swift in Sources */,
			);
			runOnlyForDeploymentPostprocessing = 0;
		};
/* End PBXSourcesBuildPhase section */

/* Begin PBXVariantGroup section */
		511E66991EADC72D0067A40A /* Main.storyboard */ = {
			isa = PBXVariantGroup;
			children = (
				511E669A1EADC72D0067A40A /* Base */,
			);
			name = Main.storyboard;
			sourceTree = "<group>";
		};
		511E669E1EADC72D0067A40A /* LaunchScreen.storyboard */ = {
			isa = PBXVariantGroup;
			children = (
				511E669F1EADC72D0067A40A /* Base */,
			);
			name = LaunchScreen.storyboard;
			sourceTree = "<group>";
		};
/* End PBXVariantGroup section */

/* Begin XCBuildConfiguration section */
		511E66A21EADC72D0067A40A /* Debug */ = {
			isa = XCBuildConfiguration;
			buildSettings = {
				ALWAYS_SEARCH_USER_PATHS = NO;
				CLANG_ANALYZER_NONNULL = YES;
				CLANG_ANALYZER_NUMBER_OBJECT_CONVERSION = YES_AGGRESSIVE;
				CLANG_CXX_LANGUAGE_STANDARD = "gnu++0x";
				CLANG_CXX_LIBRARY = "libc++";
				CLANG_ENABLE_MODULES = YES;
				CLANG_ENABLE_OBJC_ARC = YES;
				CLANG_WARN_BOOL_CONVERSION = YES;
				CLANG_WARN_CONSTANT_CONVERSION = YES;
				CLANG_WARN_DIRECT_OBJC_ISA_USAGE = YES_ERROR;
				CLANG_WARN_DOCUMENTATION_COMMENTS = YES;
				CLANG_WARN_EMPTY_BODY = YES;
				CLANG_WARN_ENUM_CONVERSION = YES;
				CLANG_WARN_INFINITE_RECURSION = YES;
				CLANG_WARN_INT_CONVERSION = YES;
				CLANG_WARN_OBJC_ROOT_CLASS = YES_ERROR;
				CLANG_WARN_SUSPICIOUS_MOVE = YES;
				CLANG_WARN_UNREACHABLE_CODE = YES;
				CLANG_WARN__DUPLICATE_METHOD_MATCH = YES;
				"CODE_SIGN_IDENTITY[sdk=iphoneos*]" = "iPhone Developer";
				COPY_PHASE_STRIP = NO;
				DEBUG_INFORMATION_FORMAT = dwarf;
				ENABLE_STRICT_OBJC_MSGSEND = YES;
				ENABLE_TESTABILITY = YES;
				GCC_C_LANGUAGE_STANDARD = gnu99;
				GCC_DYNAMIC_NO_PIC = NO;
				GCC_NO_COMMON_BLOCKS = YES;
				GCC_OPTIMIZATION_LEVEL = 0;
				GCC_PREPROCESSOR_DEFINITIONS = (
					"DEBUG=1",
					"$(inherited)",
				);
				GCC_WARN_64_TO_32_BIT_CONVERSION = YES;
				GCC_WARN_ABOUT_RETURN_TYPE = YES_ERROR;
				GCC_WARN_UNDECLARED_SELECTOR = YES;
				GCC_WARN_UNINITIALIZED_AUTOS = YES_AGGRESSIVE;
				GCC_WARN_UNUSED_FUNCTION = YES;
				GCC_WARN_UNUSED_VARIABLE = YES;
				IPHONEOS_DEPLOYMENT_TARGET = 10.3;
				MTL_ENABLE_DEBUG_INFO = YES;
				ONLY_ACTIVE_ARCH = YES;
				SDKROOT = iphoneos;
				SWIFT_ACTIVE_COMPILATION_CONDITIONS = DEBUG;
				SWIFT_OPTIMIZATION_LEVEL = "-Onone";
			};
			name = Debug;
		};
		511E66A31EADC72D0067A40A /* Release */ = {
			isa = XCBuildConfiguration;
			buildSettings = {
				ALWAYS_SEARCH_USER_PATHS = NO;
				CLANG_ANALYZER_NONNULL = YES;
				CLANG_ANALYZER_NUMBER_OBJECT_CONVERSION = YES_AGGRESSIVE;
				CLANG_CXX_LANGUAGE_STANDARD = "gnu++0x";
				CLANG_CXX_LIBRARY = "libc++";
				CLANG_ENABLE_MODULES = YES;
				CLANG_ENABLE_OBJC_ARC = YES;
				CLANG_WARN_BOOL_CONVERSION = YES;
				CLANG_WARN_CONSTANT_CONVERSION = YES;
				CLANG_WARN_DIRECT_OBJC_ISA_USAGE = YES_ERROR;
				CLANG_WARN_DOCUMENTATION_COMMENTS = YES;
				CLANG_WARN_EMPTY_BODY = YES;
				CLANG_WARN_ENUM_CONVERSION = YES;
				CLANG_WARN_INFINITE_RECURSION = YES;
				CLANG_WARN_INT_CONVERSION = YES;
				CLANG_WARN_OBJC_ROOT_CLASS = YES_ERROR;
				CLANG_WARN_SUSPICIOUS_MOVE = YES;
				CLANG_WARN_UNREACHABLE_CODE = YES;
				CLANG_WARN__DUPLICATE_METHOD_MATCH = YES;
				"CODE_SIGN_IDENTITY[sdk=iphoneos*]" = "iPhone Developer";
				COPY_PHASE_STRIP = NO;
				DEBUG_INFORMATION_FORMAT = "dwarf-with-dsym";
				ENABLE_NS_ASSERTIONS = NO;
				ENABLE_STRICT_OBJC_MSGSEND = YES;
				GCC_C_LANGUAGE_STANDARD = gnu99;
				GCC_NO_COMMON_BLOCKS = YES;
				GCC_WARN_64_TO_32_BIT_CONVERSION = YES;
				GCC_WARN_ABOUT_RETURN_TYPE = YES_ERROR;
				GCC_WARN_UNDECLARED_SELECTOR = YES;
				GCC_WARN_UNINITIALIZED_AUTOS = YES_AGGRESSIVE;
				GCC_WARN_UNUSED_FUNCTION = YES;
				GCC_WARN_UNUSED_VARIABLE = YES;
				IPHONEOS_DEPLOYMENT_TARGET = 10.3;
				MTL_ENABLE_DEBUG_INFO = NO;
				SDKROOT = iphoneos;
				SWIFT_OPTIMIZATION_LEVEL = "-Owholemodule";
				VALIDATE_PRODUCT = YES;
			};
			name = Release;
		};
		511E66A51EADC72D0067A40A /* Debug */ = {
			isa = XCBuildConfiguration;
			buildSettings = {
				ASSETCATALOG_COMPILER_APPICON_NAME = AppIcon;
				DEVELOPMENT_TEAM = 93Y9X9D7G6;
				INFOPLIST_FILE = CustomTransitionsSwift/Info.plist;
				LD_RUNPATH_SEARCH_PATHS = "$(inherited) @executable_path/Frameworks";
				PRODUCT_BUNDLE_IDENTIFIER = com.soong.apps.transition.CustomTransitionsSwift;
				PRODUCT_NAME = "$(TARGET_NAME)";
				SWIFT_VERSION = 3.0;
			};
			name = Debug;
		};
		511E66A61EADC72D0067A40A /* Release */ = {
			isa = XCBuildConfiguration;
			buildSettings = {
				ASSETCATALOG_COMPILER_APPICON_NAME = AppIcon;
				DEVELOPMENT_TEAM = 93Y9X9D7G6;
				INFOPLIST_FILE = CustomTransitionsSwift/Info.plist;
				LD_RUNPATH_SEARCH_PATHS = "$(inherited) @executable_path/Frameworks";
				PRODUCT_BUNDLE_IDENTIFIER = com.soong.apps.transition.CustomTransitionsSwift;
				PRODUCT_NAME = "$(TARGET_NAME)";
				SWIFT_VERSION = 3.0;
			};
			name = Release;
		};
/* End XCBuildConfiguration section */

/* Begin XCConfigurationList section */
		511E668D1EADC72D0067A40A /* Build configuration list for PBXProject "CustomTransitionsSwift" */ = {
			isa = XCConfigurationList;
			buildConfigurations = (
				511E66A21EADC72D0067A40A /* Debug */,
				511E66A31EADC72D0067A40A /* Release */,
			);
			defaultConfigurationIsVisible = 0;
			defaultConfigurationName = Release;
		};
		511E66A41EADC72D0067A40A /* Build configuration list for PBXNativeTarget "CustomTransitionsSwift" */ = {
			isa = XCConfigurationList;
			buildConfigurations = (
				511E66A51EADC72D0067A40A /* Debug */,
				511E66A61EADC72D0067A40A /* Release */,
			);
			defaultConfigurationIsVisible = 0;
			defaultConfigurationName = Release;
		};
/* End XCConfigurationList section */
	};
	rootObject = 511E668A1EADC72D0067A40A /* Project object */;
}
